
Microsoft Visual Studio Solution File, Format Version 12.00
# Visual Studio 15
VisualStudioVersion = 15.0.27428.2015
MinimumVisualStudioVersion = 10.0.40219.1
Project("{9A19103F-16F7-4668-BE54-9A1E7A4F7556}") = "EmbeddedReportsTemplate", "EmbeddedReportsTemplate\EmbeddedReportsTemplate.csproj", "{3C190BCD-8000-4F65-BC94-D9C85C244D08}"
EndProject
Project("{9A19103F-16F7-4668-BE54-9A1E7A4F7556}") = "RevisoAPI", "RevisoAPI\RevisoAPI.csproj", "{74D9BD2A-9779-4F62-BB6E-D07E55D8A636}"
EndProject
Project("{E53339B2-1760-4266-BCC7-CA923CBCF16C}") = "docker-compose", "docker-compose.dcproj", "{E6443A48-208B-40D6-A9C1-EEBABAE56255}"
EndProject
Global
	GlobalSection(SolutionConfigurationPlatforms) = preSolution
		Debug|Any CPU = Debug|Any CPU
		Develop|Any CPU = Develop|Any CPU
		Release|Any CPU = Release|Any CPU
	EndGlobalSection
	GlobalSection(ProjectConfigurationPlatforms) = postSolution
		{3C190BCD-8000-4F65-BC94-D9C85C244D08}.Debug|Any CPU.ActiveCfg = Debug|Any CPU
		{3C190BCD-8000-4F65-BC94-D9C85C244D08}.Debug|Any CPU.Build.0 = Debug|Any CPU
		{3C190BCD-8000-4F65-BC94-D9C85C244D08}.Develop|Any CPU.ActiveCfg = Develop|Any CPU
		{3C190BCD-8000-4F65-BC94-D9C85C244D08}.Develop|Any CPU.Build.0 = Develop|Any CPU
		{3C190BCD-8000-4F65-BC94-D9C85C244D08}.Release|Any CPU.ActiveCfg = Release|Any CPU
		{3C190BCD-8000-4F65-BC94-D9C85C244D08}.Release|Any CPU.Build.0 = Release|Any CPU
		{74D9BD2A-9779-4F62-BB6E-D07E55D8A636}.Debug|Any CPU.ActiveCfg = Debug|Any CPU
		{74D9BD2A-9779-4F62-BB6E-D07E55D8A636}.Debug|Any CPU.Build.0 = Debug|Any CPU
		{74D9BD2A-9779-4F62-BB6E-D07E55D8A636}.Develop|Any CPU.ActiveCfg = Debug|Any CPU
		{74D9BD2A-9779-4F62-BB6E-D07E55D8A636}.Develop|Any CPU.Build.0 = Debug|Any CPU
		{74D9BD2A-9779-4F62-BB6E-D07E55D8A636}.Release|Any CPU.ActiveCfg = Release|Any CPU
		{74D9BD2A-9779-4F62-BB6E-D07E55D8A636}.Release|Any CPU.Build.0 = Release|Any CPU
		{E6443A48-208B-40D6-A9C1-EEBABAE56255}.Debug|Any CPU.ActiveCfg = Debug|Any CPU
		{E6443A48-208B-40D6-A9C1-EEBABAE56255}.Debug|Any CPU.Build.0 = Debug|Any CPU
		{E6443A48-208B-40D6-A9C1-EEBABAE56255}.Develop|Any CPU.ActiveCfg = Develop|Any CPU
		{E6443A48-208B-40D6-A9C1-EEBABAE56255}.Develop|Any CPU.Build.0 = Develop|Any CPU
		{E6443A48-208B-40D6-A9C1-EEBABAE56255}.Release|Any CPU.ActiveCfg = Release|Any CPU
		{E6443A48-208B-40D6-A9C1-EEBABAE56255}.Release|Any CPU.Build.0 = Release|Any CPU
	EndGlobalSection
	GlobalSection(SolutionProperties) = preSolution
		HideSolutionNode = FALSE
	EndGlobalSection
	GlobalSection(ExtensibilityGlobals) = postSolution
		SolutionGuid = {8CFC9AE1-9BFD-4486-8C2B-0FCF347CEF29}
	EndGlobalSection
EndGlobal
